
Microsoft Visual Studio Solution File, Format Version 12.00
# Visual Studio 15
VisualStudioVersion = 15.0.27130.2003
MinimumVisualStudioVersion = 10.0.40219.1
Project("{8BC9CEB8-8B4A-11D0-8D11-00A0C91BC942}") = "Miracle Chip8", "Miracle Chip8.vcxproj", "{683459CF-F8EC-474C-871D-5414AF09E88A}"
EndProject
Global
	GlobalSection(SolutionConfigurationPlatforms) = preSolution
		Debug|x86 = Debug|x86
		Release|x86 = Release|x86
		Template|x86 = Template|x86
	EndGlobalSection
	GlobalSection(ProjectConfigurationPlatforms) = postSolution
		{683459CF-F8EC-474C-871D-5414AF09E88A}.Debug|x86.ActiveCfg = Debug|Win32
		{683459CF-F8EC-474C-871D-5414AF09E88A}.Debug|x86.Build.0 = Debug|Win32
		{683459CF-F8EC-474C-871D-5414AF09E88A}.Release|x86.ActiveCfg = Release|Win32
		{683459CF-F8EC-474C-871D-5414AF09E88A}.Release|x86.Build.0 = Release|Win32
		{683459CF-F8EC-474C-871D-5414AF09E88A}.Template|x86.ActiveCfg = Release|Win32
		{683459CF-F8EC-474C-871D-5414AF09E88A}.Template|x86.Build.0 = Release|Win32
	EndGlobalSection
	GlobalSection(SolutionProperties) = preSolution
		HideSolutionNode = FALSE
	EndGlobalSection
	GlobalSection(ExtensibilityGlobals) = postSolution
		SolutionGuid = {1A8B669A-FE0E-450B-91F1-9256E00BA8C3}
	EndGlobalSection
EndGlobal
